
Microsoft Visual Studio Solution File, Format Version 12.00
# Visual Studio Version 16
VisualStudioVersion = 16.0.30709.132
MinimumVisualStudioVersion = 10.0.40219.1
Project("{9A19103F-16F7-4668-BE54-9A1E7A4F7556}") = "DaleStore.Infraestructura", "DaleStore.Infraestructura\DaleStore.Infraestructura.csproj", "{696E3675-AC1D-49A5-B523-D185C3F8A348}"
EndProject
Project("{9A19103F-16F7-4668-BE54-9A1E7A4F7556}") = "DaleStore.Core", "DaleStore.Core\DaleStore.Core.csproj", "{E6759092-67B9-45C8-A7BC-D75A5C008250}"
EndProject
Project("{9A19103F-16F7-4668-BE54-9A1E7A4F7556}") = "DaleStore.Api", "DaleStore.Api\DaleStore.Api.csproj", "{91F56157-A9D7-4EFE-995D-3C22A93EDED2}"
EndProject
Global
	GlobalSection(SolutionConfigurationPlatforms) = preSolution
		Debug|Any CPU = Debug|Any CPU
		Release|Any CPU = Release|Any CPU
	EndGlobalSection
	GlobalSection(ProjectConfigurationPlatforms) = postSolution
		{696E3675-AC1D-49A5-B523-D185C3F8A348}.Debug|Any CPU.ActiveCfg = Debug|Any CPU
		{696E3675-AC1D-49A5-B523-D185C3F8A348}.Debug|Any CPU.Build.0 = Debug|Any CPU
		{696E3675-AC1D-49A5-B523-D185C3F8A348}.Release|Any CPU.ActiveCfg = Release|Any CPU
		{696E3675-AC1D-49A5-B523-D185C3F8A348}.Release|Any CPU.Build.0 = Release|Any CPU
		{E6759092-67B9-45C8-A7BC-D75A5C008250}.Debug|Any CPU.ActiveCfg = Debug|Any CPU
		{E6759092-67B9-45C8-A7BC-D75A5C008250}.Debug|Any CPU.Build.0 = Debug|Any CPU
		{E6759092-67B9-45C8-A7BC-D75A5C008250}.Release|Any CPU.ActiveCfg = Release|Any CPU
		{E6759092-67B9-45C8-A7BC-D75A5C008250}.Release|Any CPU.Build.0 = Release|Any CPU
		{91F56157-A9D7-4EFE-995D-3C22A93EDED2}.Debug|Any CPU.ActiveCfg = Debug|Any CPU
		{91F56157-A9D7-4EFE-995D-3C22A93EDED2}.Debug|Any CPU.Build.0 = Debug|Any CPU
		{91F56157-A9D7-4EFE-995D-3C22A93EDED2}.Release|Any CPU.ActiveCfg = Release|Any CPU
		{91F56157-A9D7-4EFE-995D-3C22A93EDED2}.Release|Any CPU.Build.0 = Release|Any CPU
	EndGlobalSection
	GlobalSection(SolutionProperties) = preSolution
		HideSolutionNode = FALSE
	EndGlobalSection
	GlobalSection(ExtensibilityGlobals) = postSolution
		SolutionGuid = {55C4412C-C289-45D9-8702-D8F1B2D84104}
	EndGlobalSection
EndGlobal
